# THIS IS AN AUTOGENERATED FILE. DO NOT EDIT THIS FILE DIRECTLY.
# yarn lockfile v1


"@types/estree@*":
  version "0.0.40"
  resolved "https://registry.yarnpkg.com/@types/estree/-/estree-0.0.40.tgz#0e6cb9b9bbd098031fa19e4b4e8131bc70e5de13"
  integrity sha512-p3KZgMto/JyxosKGmnLDJ/dG5wf+qTRMUjHJcspC2oQKa4jP7mz+tv0ND56lLBu3ojHlhzY33Ol+khLyNmilkA==

"@types/node@*":
  version "12.12.21"
  resolved "https://registry.yarnpkg.com/@types/node/-/node-12.12.21.tgz#aa44a6363291c7037111c47e4661ad210aded23f"
  integrity sha512-8sRGhbpU+ck1n0PGAUgVrWrWdjSW2aqNeyC15W88GRsMpSwzv6RJGlLhE7s2RhVSOdyDmxbqlWSeThq4/7xqlA==

acorn@^7.1.0:
  version "7.1.1"
  resolved "https://registry.yarnpkg.com/acorn/-/acorn-7.1.1.tgz#e35668de0b402f359de515c5482a1ab9f89a69bf"
  integrity sha512-add7dgA5ppRPxCFJoAGfMDi7PIBXq1RtGo7BhbLaxwrXPOmw8gq48Y9ozT01hUKy9byMjlR20EJhu5zlkErEkg==

at-least-node@^1.0.0:
  version "1.0.0"
  resolved "https://registry.yarnpkg.com/at-least-node/-/at-least-node-1.0.0.tgz#602cd4b46e844ad4effc92a8011a3c46e0238dc2"
  integrity sha512-+q/t7Ekv1EDY2l6Gda6LLiX14rU9TV20Wa3ofeQmwPFZbOMo9DXrLbOjFaaclkXKWidIaopwAObQDqwWtGUjqg==

fs-extra@^9.0.0:
  version "9.0.0"
  resolved "https://registry.yarnpkg.com/fs-extra/-/fs-extra-9.0.0.tgz#b6afc31036e247b2466dc99c29ae797d5d4580a3"
  integrity sha512-pmEYSk3vYsG/bF651KPUXZ+hvjpgWYw/Gc7W9NFUe3ZVLczKKWIij3IKpOrQcdw4TILtibFslZ0UmR8Vvzig4g==
  dependencies:
    at-least-node "^1.0.0"
    graceful-fs "^4.2.0"
    jsonfile "^6.0.1"
    universalify "^1.0.0"

graceful-fs@^4.1.6, graceful-fs@^4.2.0:
  version "4.2.3"
  resolved "https://registry.yarnpkg.com/graceful-fs/-/graceful-fs-4.2.3.tgz#4a12ff1b60376ef09862c2093edd908328be8423"
  integrity sha512-a30VEBm4PEdx1dRB7MFK7BejejvCvBronbLjht+sHuGYj8PHs7M/5Z+rt5lw551vZ7yfTCj4Vuyy3mSJytDWRQ==

jsonfile@^6.0.1:
  version "6.0.1"
  resolved "https://registry.yarnpkg.com/jsonfile/-/jsonfile-6.0.1.tgz#98966cba214378c8c84b82e085907b40bf614179"
  integrity sha512-jR2b5v7d2vIOust+w3wtFKZIfpC2pnRmFAhAC/BuweZFQR8qZzxH1OyrQ10HmdVYiXWkYUqPVsz91cG7EL2FBg==
  dependencies:
    universalify "^1.0.0"
  optionalDependencies:
    graceful-fs "^4.1.6"

rollup@^1.27.14:
  version "1.27.14"
  resolved "https://registry.yarnpkg.com/rollup/-/rollup-1.27.14.tgz#940718d5eec1a6887e399aa0089944bae5c4f377"
  integrity sha512-DuDjEyn8Y79ALYXMt+nH/EI58L5pEw5HU9K38xXdRnxQhvzUTI/nxAawhkAHUQeudANQ//8iyrhVRHJBuR6DSQ==
  dependencies:
    "@types/estree" "*"
    "@types/node" "*"
    acorn "^7.1.0"

universalify@^1.0.0:
  version "1.0.0"
  resolved "https://registry.yarnpkg.com/universalify/-/universalify-1.0.0.tgz#b61a1da173e8435b2fe3c67d29b9adf8594bd16d"
  integrity sha512-rb6X1W158d7pRQBg5gkR8uPaSfiids68LTJQYOtEUhoJUWBdaQHsuT/EUduxXYxcrt4r5PJ4fuHW1MHT6p0qug==
